// !$*UTF8*$!
{
	archiveVersion = 1;
	classes = {
	};
	objectVersion = 48;
	objects = {

/* Begin PBXBuildFile section */
		2E3D26F41F1A3BDD0006EDEF /* Rex.swift in Sources */ = {isa = PBXBuildFile; fileRef = 2E3D26F31F1A3BDD0006EDEF /* Rex.swift */; };
		2E3D26F71F1A43100006EDEF /* art.scnassets in Resources */ = {isa = PBXBuildFile; fileRef = 2E3D26F61F1A43100006EDEF /* art.scnassets */; };
		2ED832731F1A34DA002E0925 /* AppDelegate.swift in Sources */ = {isa = PBXBuildFile; fileRef = 2ED832721F1A34DA002E0925 /* AppDelegate.swift */; };
		2ED832751F1A34DA002E0925 /* ViewController.swift in Sources */ = {isa = PBXBuildFile; fileRef = 2ED832741F1A34DA002E0925 /* ViewController.swift */; };
		2ED832781F1A34DA002E0925 /* Main.storyboard in Resources */ = {isa = PBXBuildFile; fileRef = 2ED832761F1A34DA002E0925 /* Main.storyboard */; };
		2ED8327A1F1A34DA002E0925 /* Assets.xcassets in Resources */ = {isa = PBXBuildFile; fileRef = 2ED832791F1A34DA002E0925 /* Assets.xcassets */; };
		2ED8327D1F1A34DA002E0925 /* LaunchScreen.storyboard in Resources */ = {isa = PBXBuildFile; fileRef = 2ED8327B1F1A34DA002E0925 /* LaunchScreen.storyboard */; };
/* End PBXBuildFile section */

/* Begin PBXFileReference section */
		2E3D26F31F1A3BDD0006EDEF /* Rex.swift */ = {isa = PBXFileReference; lastKnownFileType = sourcecode.swift; path = Rex.swift; sourceTree = "<group>"; };
		2E3D26F61F1A43100006EDEF /* art.scnassets */ = {isa = PBXFileReference; lastKnownFileType = wrapper.scnassets; path = art.scnassets; sourceTree = "<group>"; };
		2ED8326F1F1A34DA002E0925 /* ARDino.app */ = {isa = PBXFileReference; explicitFileType = wrapper.application; includeInIndex = 0; path = ARDino.app; sourceTree = BUILT_PRODUCTS_DIR; };
		2ED832721F1A34DA002E0925 /* AppDelegate.swift */ = {isa = PBXFileReference; lastKnownFileType = sourcecode.swift; path = AppDelegate.swift; sourceTree = "<group>"; };
		2ED832741F1A34DA002E0925 /* ViewController.swift */ = {isa = PBXFileReference; lastKnownFileType = sourcecode.swift; path = ViewController.swift; sourceTree = "<group>"; };
		2ED832771F1A34DA002E0925 /* Base */ = {isa = PBXFileReference; lastKnownFileType = file.storyboard; name = Base; path = Base.lproj/Main.storyboard; sourceTree = "<group>"; };
		2ED832791F1A34DA002E0925 /* Assets.xcassets */ = {isa = PBXFileReference; lastKnownFileType = folder.assetcatalog; path = Assets.xcassets; sourceTree = "<group>"; };
		2ED8327C1F1A34DA002E0925 /* Base */ = {isa = PBXFileReference; lastKnownFileType = file.storyboard; name = Base; path = Base.lproj/LaunchScreen.storyboard; sourceTree = "<group>"; };
		2ED8327E1F1A34DA002E0925 /* Info.plist */ = {isa = PBXFileReference; lastKnownFileType = text.plist.xml; path = Info.plist; sourceTree = "<group>"; };
/* End PBXFileReference section */

/* Begin PBXFrameworksBuildPhase section */
		2ED8326C1F1A34DA002E0925 /* Frameworks */ = {
			isa = PBXFrameworksBuildPhase;
			buildActionMask = 2147483647;
			files = (
			);
			runOnlyForDeploymentPostprocessing = 0;
		};
/* End PBXFrameworksBuildPhase section */

/* Begin PBXGroup section */
		2ED832661F1A34DA002E0925 = {
			isa = PBXGroup;
			children = (
				2ED832711F1A34DA002E0925 /* ARDino */,
				2ED832701F1A34DA002E0925 /* Products */,
			);
			sourceTree = "<group>";
		};
		2ED832701F1A34DA002E0925 /* Products */ = {
			isa = PBXGroup;
			children = (
				2ED8326F1F1A34DA002E0925 /* ARDino.app */,
			);
			name = Products;
			sourceTree = "<group>";
		};
		2ED832711F1A34DA002E0925 /* ARDino */ = {
			isa = PBXGroup;
			children = (
				2ED832721F1A34DA002E0925 /* AppDelegate.swift */,
				2ED832741F1A34DA002E0925 /* ViewController.swift */,
				2E3D26F31F1A3BDD0006EDEF /* Rex.swift */,
				2ED832761F1A34DA002E0925 /* Main.storyboard */,
				2ED832791F1A34DA002E0925 /* Assets.xcassets */,
				2ED8327B1F1A34DA002E0925 /* LaunchScreen.storyboard */,
				2ED8327E1F1A34DA002E0925 /* Info.plist */,
				2E3D26F61F1A43100006EDEF /* art.scnassets */,
			);
			path = ARDino;
			sourceTree = "<group>";
		};
/* End PBXGroup section */

/* Begin PBXNativeTarget section */
		2ED8326E1F1A34DA002E0925 /* ARDino */ = {
			isa = PBXNativeTarget;
			buildConfigurationList = 2ED832811F1A34DA002E0925 /* Build configuration list for PBXNativeTarget "ARDino" */;
			buildPhases = (
				2ED8326B1F1A34DA002E0925 /* Sources */,
				2ED8326C1F1A34DA002E0925 /* Frameworks */,
				2ED8326D1F1A34DA002E0925 /* Resources */,
			);
			buildRules = (
			);
			dependencies = (
			);
			name = ARDino;
			productName = ARDino;
			productReference = 2ED8326F1F1A34DA002E0925 /* ARDino.app */;
			productType = "com.apple.product-type.application";
		};
/* End PBXNativeTarget section */

/* Begin PBXProject section */
		2ED832671F1A34DA002E0925 /* Project object */ = {
			isa = PBXProject;
			attributes = {
				LastSwiftUpdateCheck = 0900;
				LastUpgradeCheck = 0900;
				ORGANIZATIONNAME = "Devin Eror";
				TargetAttributes = {
					2ED8326E1F1A34DA002E0925 = {
						CreatedOnToolsVersion = 9.0;
					};
				};
			};
			buildConfigurationList = 2ED8326A1F1A34DA002E0925 /* Build configuration list for PBXProject "ARDino" */;
			compatibilityVersion = "Xcode 8.0";
			developmentRegion = en;
			hasScannedForEncodings = 0;
			knownRegions = (
				en,
				Base,
			);
			mainGroup = 2ED832661F1A34DA002E0925;
			productRefGroup = 2ED832701F1A34DA002E0925 /* Products */;
			projectDirPath = "";
			projectRoot = "";
			targets = (
				2ED8326E1F1A34DA002E0925 /* ARDino */,
			);
		};
/* End PBXProject section */

/* Begin PBXResourcesBuildPhase section */
		2ED8326D1F1A34DA002E0925 /* Resources */ = {
			isa = PBXResourcesBuildPhase;
			buildActionMask = 2147483647;
			files = (
				2E3D26F71F1A43100006EDEF /* art.scnassets in Resources */,
				2ED8327D1F1A34DA002E0925 /* LaunchScreen.storyboard in Resources */,
				2ED8327A1F1A34DA002E0925 /* Assets.xcassets in Resources */,
				2ED832781F1A34DA002E0925 /* Main.storyboard in Resources */,
			);
			runOnlyForDeploymentPostprocessing = 0;
		};
/* End PBXResourcesBuildPhase section */

/* Begin PBXSourcesBuildPhase section */
		2ED8326B1F1A34DA002E0925 /* Sources */ = {
			isa = PBXSourcesBuildPhase;
			buildActionMask = 2147483647;
			files = (
				2ED832751F1A34DA002E0925 /* ViewController.swift in Sources */,
				2ED832731F1A34DA002E0925 /* AppDelegate.swift in Sources */,
				2E3D26F41F1A3BDD0006EDEF /* Rex.swift in Sources */,
			);
			runOnlyForDeploymentPostprocessing = 0;
		};
/* End PBXSourcesBuildPhase section */

/* Begin PBXVariantGroup section */
		2ED832761F1A34DA002E0925 /* Main.storyboard */ = {
			isa = PBXVariantGroup;
			children = (
				2ED832771F1A34DA002E0925 /* Base */,
			);
			name = Main.storyboard;
			sourceTree = "<group>";
		};
		2ED8327B1F1A34DA002E0925 /* LaunchScreen.storyboard */ = {
			isa = PBXVariantGroup;
			children = (
				2ED8327C1F1A34DA002E0925 /* Base */,
			);
			name = LaunchScreen.storyboard;
			sourceTree = "<group>";
		};
/* End PBXVariantGroup section */

/* Begin XCBuildConfiguration section */
		2ED8327F1F1A34DA002E0925 /* Debug */ = {
			isa = XCBuildConfiguration;
			buildSettings = {
				ALWAYS_SEARCH_USER_PATHS = NO;
				CLANG_ANALYZER_NONNULL = YES;
				CLANG_ANALYZER_NUMBER_OBJECT_CONVERSION = YES_AGGRESSIVE;
				CLANG_CXX_LANGUAGE_STANDARD = "gnu++14";
				CLANG_CXX_LIBRARY = "libc++";
				CLANG_ENABLE_MODULES = YES;
				CLANG_ENABLE_OBJC_ARC = YES;
				CLANG_WARN_BLOCK_CAPTURE_AUTORELEASING = YES;
				CLANG_WARN_BOOL_CONVERSION = YES;
				CLANG_WARN_COMMA = YES;
				CLANG_WARN_CONSTANT_CONVERSION = YES;
				CLANG_WARN_DIRECT_OBJC_ISA_USAGE = YES_ERROR;
				CLANG_WARN_DOCUMENTATION_COMMENTS = YES;
				CLANG_WARN_EMPTY_BODY = YES;
				CLANG_WARN_ENUM_CONVERSION = YES;
				CLANG_WARN_INFINITE_RECURSION = YES;
				CLANG_WARN_INT_CONVERSION = YES;
				CLANG_WARN_OBJC_ROOT_CLASS = YES_ERROR;
				CLANG_WARN_RANGE_LOOP_ANALYSIS = YES;
				CLANG_WARN_STRICT_PROTOTYPES = YES;
				CLANG_WARN_SUSPICIOUS_MOVE = YES;
				CLANG_WARN_UNGUARDED_AVAILABILITY = YES_AGGRESSIVE;
				CLANG_WARN_UNREACHABLE_CODE = YES;
				CLANG_WARN__DUPLICATE_METHOD_MATCH = YES;
				CODE_SIGN_IDENTITY = "iPhone Developer";
				COPY_PHASE_STRIP = NO;
				DEBUG_INFORMATION_FORMAT = dwarf;
				ENABLE_STRICT_OBJC_MSGSEND = YES;
				ENABLE_TESTABILITY = YES;
				GCC_C_LANGUAGE_STANDARD = gnu11;
				GCC_DYNAMIC_NO_PIC = NO;
				GCC_NO_COMMON_BLOCKS = YES;
				GCC_OPTIMIZATION_LEVEL = 0;
				GCC_PREPROCESSOR_DEFINITIONS = (
					"DEBUG=1",
					"$(inherited)",
				);
				GCC_WARN_64_TO_32_BIT_CONVERSION = YES;
				GCC_WARN_ABOUT_RETURN_TYPE = YES_ERROR;
				GCC_WARN_UNDECLARED_SELECTOR = YES;
				GCC_WARN_UNINITIALIZED_AUTOS = YES_AGGRESSIVE;
				GCC_WARN_UNUSED_FUNCTION = YES;
				GCC_WARN_UNUSED_VARIABLE = YES;
				IPHONEOS_DEPLOYMENT_TARGET = 11.0;
				MTL_ENABLE_DEBUG_INFO = YES;
				ONLY_ACTIVE_ARCH = YES;
				SDKROOT = iphoneos;
				SWIFT_ACTIVE_COMPILATION_CONDITIONS = DEBUG;
				SWIFT_OPTIMIZATION_LEVEL = "-Onone";
			};
			name = Debug;
		};
		2ED832801F1A34DA002E0925 /* Release */ = {
			isa = XCBuildConfiguration;
			buildSettings = {
				ALWAYS_SEARCH_USER_PATHS = NO;
				CLANG_ANALYZER_NONNULL = YES;
				CLANG_ANALYZER_NUMBER_OBJECT_CONVERSION = YES_AGGRESSIVE;
				CLANG_CXX_LANGUAGE_STANDARD = "gnu++14";
				CLANG_CXX_LIBRARY = "libc++";
				CLANG_ENABLE_MODULES = YES;
				CLANG_ENABLE_OBJC_ARC = YES;
				CLANG_WARN_BLOCK_CAPTURE_AUTORELEASING = YES;
				CLANG_WARN_BOOL_CONVERSION = YES;
				CLANG_WARN_COMMA = YES;
				CLANG_WARN_CONSTANT_CONVERSION = YES;
				CLANG_WARN_DIRECT_OBJC_ISA_USAGE = YES_ERROR;
				CLANG_WARN_DOCUMENTATION_COMMENTS = YES;
				CLANG_WARN_EMPTY_BODY = YES;
				CLANG_WARN_ENUM_CONVERSION = YES;
				CLANG_WARN_INFINITE_RECURSION = YES;
				CLANG_WARN_INT_CONVERSION = YES;
				CLANG_WARN_OBJC_ROOT_CLASS = YES_ERROR;
				CLANG_WARN_RANGE_LOOP_ANALYSIS = YES;
				CLANG_WARN_STRICT_PROTOTYPES = YES;
				CLANG_WARN_SUSPICIOUS_MOVE = YES;
				CLANG_WARN_UNGUARDED_AVAILABILITY = YES_AGGRESSIVE;
				CLANG_WARN_UNREACHABLE_CODE = YES;
				CLANG_WARN__DUPLICATE_METHOD_MATCH = YES;
				CODE_SIGN_IDENTITY = "iPhone Developer";
				COPY_PHASE_STRIP = NO;
				DEBUG_INFORMATION_FORMAT = "dwarf-with-dsym";
				ENABLE_NS_ASSERTIONS = NO;
				ENABLE_STRICT_OBJC_MSGSEND = YES;
				GCC_C_LANGUAGE_STANDARD = gnu11;
				GCC_NO_COMMON_BLOCKS = YES;
				GCC_WARN_64_TO_32_BIT_CONVERSION = YES;
				GCC_WARN_ABOUT_RETURN_TYPE = YES_ERROR;
				GCC_WARN_UNDECLARED_SELECTOR = YES;
				GCC_WARN_UNINITIALIZED_AUTOS = YES_AGGRESSIVE;
				GCC_WARN_UNUSED_FUNCTION = YES;
				GCC_WARN_UNUSED_VARIABLE = YES;
				IPHONEOS_DEPLOYMENT_TARGET = 11.0;
				MTL_ENABLE_DEBUG_INFO = NO;
				SDKROOT = iphoneos;
				SWIFT_OPTIMIZATION_LEVEL = "-Owholemodule";
				VALIDATE_PRODUCT = YES;
			};
			name = Release;
		};
		2ED832821F1A34DA002E0925 /* Debug */ = {
			isa = XCBuildConfiguration;
			buildSettings = {
				ASSETCATALOG_COMPILER_APPICON_NAME = AppIcon;
				DEVELOPMENT_TEAM = Y92JF627VV;
				INFOPLIST_FILE = ARDino/Info.plist;
				LD_RUNPATH_SEARCH_PATHS = "$(inherited) @executable_path/Frameworks";
				PRODUCT_BUNDLE_IDENTIFIER = org.devineror.ARDino;
				PRODUCT_NAME = "$(TARGET_NAME)";
				SWIFT_VERSION = 4.0;
				TARGETED_DEVICE_FAMILY = "1,2";
			};
			name = Debug;
		};
		2ED832831F1A34DA002E0925 /* Release */ = {
			isa = XCBuildConfiguration;
			buildSettings = {
				ASSETCATALOG_COMPILER_APPICON_NAME = AppIcon;
				DEVELOPMENT_TEAM = Y92JF627VV;
				INFOPLIST_FILE = ARDino/Info.plist;
				LD_RUNPATH_SEARCH_PATHS = "$(inherited) @executable_path/Frameworks";
				PRODUCT_BUNDLE_IDENTIFIER = org.devineror.ARDino;
				PRODUCT_NAME = "$(TARGET_NAME)";
				SWIFT_VERSION = 4.0;
				TARGETED_DEVICE_FAMILY = "1,2";
			};
			name = Release;
		};
/* End XCBuildConfiguration section */

/* Begin XCConfigurationList section */
		2ED8326A1F1A34DA002E0925 /* Build configuration list for PBXProject "ARDino" */ = {
			isa = XCConfigurationList;
			buildConfigurations = (
				2ED8327F1F1A34DA002E0925 /* Debug */,
				2ED832801F1A34DA002E0925 /* Release */,
			);
			defaultConfigurationIsVisible = 0;
			defaultConfigurationName = Release;
		};
		2ED832811F1A34DA002E0925 /* Build configuration list for PBXNativeTarget "ARDino" */ = {
			isa = XCConfigurationList;
			buildConfigurations = (
				2ED832821F1A34DA002E0925 /* Debug */,
				2ED832831F1A34DA002E0925 /* Release */,
			);
			defaultConfigurationIsVisible = 0;
			defaultConfigurationName = Release;
		};
/* End XCConfigurationList section */
	};
	rootObject = 2ED832671F1A34DA002E0925 /* Project object */;
}
